
Microsoft Visual Studio Solution File, Format Version 12.00
# Visual Studio Version 16
VisualStudioVersion = 16.0.30204.135
MinimumVisualStudioVersion = 10.0.40219.1
Project("{00D1A9C2-B5F0-4AF3-8072-F6C62B433612}") = "Newsletter", "Newsletter\Newsletter.sqlproj", "{368099A9-2691-4EF5-8ED8-4D05D7E690FD}"
EndProject
Project("{151D2E53-A2C4-4D7D-83FE-D05416EBD58E}") = "LogicApps", "LogicApps\LogicApps.deployproj", "{E27CC5E7-3EAA-49CE-9BBA-35D8553D8A19}"
EndProject
Global
	GlobalSection(SolutionConfigurationPlatforms) = preSolution
		Debug|Any CPU = Debug|Any CPU
		Release|Any CPU = Release|Any CPU
	EndGlobalSection
	GlobalSection(ProjectConfigurationPlatforms) = postSolution
		{368099A9-2691-4EF5-8ED8-4D05D7E690FD}.Debug|Any CPU.ActiveCfg = Debug|Any CPU
		{368099A9-2691-4EF5-8ED8-4D05D7E690FD}.Debug|Any CPU.Build.0 = Debug|Any CPU
		{368099A9-2691-4EF5-8ED8-4D05D7E690FD}.Debug|Any CPU.Deploy.0 = Debug|Any CPU
		{368099A9-2691-4EF5-8ED8-4D05D7E690FD}.Release|Any CPU.ActiveCfg = Release|Any CPU
		{368099A9-2691-4EF5-8ED8-4D05D7E690FD}.Release|Any CPU.Build.0 = Release|Any CPU
		{368099A9-2691-4EF5-8ED8-4D05D7E690FD}.Release|Any CPU.Deploy.0 = Release|Any CPU
		{E27CC5E7-3EAA-49CE-9BBA-35D8553D8A19}.Debug|Any CPU.ActiveCfg = Debug|Any CPU
		{E27CC5E7-3EAA-49CE-9BBA-35D8553D8A19}.Debug|Any CPU.Build.0 = Debug|Any CPU
		{E27CC5E7-3EAA-49CE-9BBA-35D8553D8A19}.Release|Any CPU.ActiveCfg = Release|Any CPU
		{E27CC5E7-3EAA-49CE-9BBA-35D8553D8A19}.Release|Any CPU.Build.0 = Release|Any CPU
	EndGlobalSection
	GlobalSection(SolutionProperties) = preSolution
		HideSolutionNode = FALSE
	EndGlobalSection
	GlobalSection(ExtensibilityGlobals) = postSolution
		SolutionGuid = {AF1F624A-F298-4A24-B8CD-3B579387BD03}
	EndGlobalSection
EndGlobal
